schema: '2.0'
stages:
  proc_imgs:
    cmd: python ./utils/ImgProcess.py
    deps:
    - path: ./utils/ImgProcess.py
      hash: md5
      md5: 415a57e6a77ba32acd09259a224805d2
      size: 1594
    - path: data/raw/blur
      hash: md5
      md5: 751fbc7e2fb63ae59e1e2e9c5ea51cc9.dir
      size: 1749908705
      nfiles: 453
    - path: data/raw/clear
      hash: md5
      md5: 5277b3de2809e099f56c25b0c91e3a91.dir
      size: 2542545155
      nfiles: 453
    outs:
    - path: data/proc/blur
      hash: md5
      md5: 0925bc6c4b1751c9e6e7dded5fe8b48b.dir
      size: 89728959
      nfiles: 453
    - path: data/proc/clear
      hash: md5
      md5: a2a5715525db2a8714e26fbe75af7ce1.dir
      size: 138160642
      nfiles: 453
  depth_gen:
    cmd: python ./utils/DepthMapGen.py
    deps:
    - path: data/proc/blur
      hash: md5
      md5: 16f0c46b545a236983268c185098eb13.dir
      size: 19023433
      nfiles: 103
    - path: data/proc/clear
      hash: md5
      md5: 00038c773065c5a4f293e4d1efd898d8.dir
      size: 31032236
      nfiles: 103
    outs:
    - path: data/proc/depth
      hash: md5
      md5: 124745292f0edf21f7b43eab401d4ab1.dir
      size: 58188564
      nfiles: 207
  split_and_rename_depth_files:
    cmd: python ./utils/SplitAndRenameDepthFiles.py
    deps:
    - path: data/proc/depth
      hash: md5
      md5: 7c432f1146ead11a0b0680d0aaaa9269.dir
      size: 93435944
      nfiles: 454
    outs:
    - path: data/proc/depth_preview
      hash: md5
      md5: 6c10f180584236a577e2b1e9a00ff163.dir
      size: 148630091
      nfiles: 453
